
Microsoft Visual Studio Solution File, Format Version 12.00
# Visual Studio 14
VisualStudioVersion = 14.0.23107.0
MinimumVisualStudioVersion = 10.0.40219.1
Project("{FAE04EC0-301F-11D3-BF4B-00C04F79EFBC}") = "TestingLast", "TestingLast\TestingLast.csproj", "{6653CE1A-AE82-4D03-AEDC-39EB86BC2044}"
EndProject
Project("{FAE04EC0-301F-11D3-BF4B-00C04F79EFBC}") = "Crainiate.Diagramming", "Crainiate.Diagramming\Crainiate.Diagramming.csproj", "{8FEEDDA0-185D-4F31-9920-503C014F5526}"
EndProject
Project("{FAE04EC0-301F-11D3-BF4B-00C04F79EFBC}") = "Crainiate.Diagramming.Forms", "Crainiate.Diagramming.Forms\Crainiate.Diagramming.Forms.csproj", "{86FBCBDA-52FD-4111-99F0-F6EBCC00AB06}"
EndProject
Global
	GlobalSection(SolutionConfigurationPlatforms) = preSolution
		Debug|Any CPU = Debug|Any CPU
		Release|Any CPU = Release|Any CPU
	EndGlobalSection
	GlobalSection(ProjectConfigurationPlatforms) = postSolution
		{6653CE1A-AE82-4D03-AEDC-39EB86BC2044}.Debug|Any CPU.ActiveCfg = Debug|Any CPU
		{6653CE1A-AE82-4D03-AEDC-39EB86BC2044}.Debug|Any CPU.Build.0 = Debug|Any CPU
		{6653CE1A-AE82-4D03-AEDC-39EB86BC2044}.Release|Any CPU.ActiveCfg = Release|Any CPU
		{6653CE1A-AE82-4D03-AEDC-39EB86BC2044}.Release|Any CPU.Build.0 = Release|Any CPU
		{8FEEDDA0-185D-4F31-9920-503C014F5526}.Debug|Any CPU.ActiveCfg = Debug|Any CPU
		{8FEEDDA0-185D-4F31-9920-503C014F5526}.Debug|Any CPU.Build.0 = Debug|Any CPU
		{8FEEDDA0-185D-4F31-9920-503C014F5526}.Release|Any CPU.ActiveCfg = Release|Any CPU
		{8FEEDDA0-185D-4F31-9920-503C014F5526}.Release|Any CPU.Build.0 = Release|Any CPU
		{86FBCBDA-52FD-4111-99F0-F6EBCC00AB06}.Debug|Any CPU.ActiveCfg = Debug|Any CPU
		{86FBCBDA-52FD-4111-99F0-F6EBCC00AB06}.Debug|Any CPU.Build.0 = Debug|Any CPU
		{86FBCBDA-52FD-4111-99F0-F6EBCC00AB06}.Release|Any CPU.ActiveCfg = Release|Any CPU
		{86FBCBDA-52FD-4111-99F0-F6EBCC00AB06}.Release|Any CPU.Build.0 = Release|Any CPU
	EndGlobalSection
	GlobalSection(SolutionProperties) = preSolution
		HideSolutionNode = FALSE
	EndGlobalSection
EndGlobal
